
Microsoft Visual Studio Solution File, Format Version 12.00
# Visual Studio Version 17
VisualStudioVersion = 17.0.31903.59
MinimumVisualStudioVersion = 10.0.40219.1
Project("{2150E333-8FDC-42A3-9474-1A3956D46DE8}") = "src", "src", "{827E0CD3-B72D-47B6-A68D-7590B98EB39B}"
EndProject
Project("{FAE04EC0-301F-11D3-BF4B-00C04F79EFBC}") = "KekLib2D.Core", "src\KekLib2D.Core\KekLib2D.Core.csproj", "{961D92DB-764D-4A4D-8A5B-AE48A6C0F4D6}"
EndProject
Project("{2150E333-8FDC-42A3-9474-1A3956D46DE8}") = "Games", "Games", "{DECBC69F-7677-92AA-EAA3-417BB129F329}"
EndProject
Project("{FAE04EC0-301F-11D3-BF4B-00C04F79EFBC}") = "SlimeKiller", "src\Games\SlimeKiller\SlimeKiller.csproj", "{C2F307D3-CB44-45AF-B00F-F85A02CD153A}"
EndProject
Project("{FAE04EC0-301F-11D3-BF4B-00C04F79EFBC}") = "KekLib3D", "src\KekLib3D\KekLib3D.csproj", "{26C7573B-C38D-4C2B-BB86-4D870D15D47B}"
EndProject
Project("{FAE04EC0-301F-11D3-BF4B-00C04F79EFBC}") = "Sandbox", "src\Games\Sandbox\Sandbox.csproj", "{6EB84C37-A5F0-4F76-9AB4-7BC0A58865D1}"
EndProject
Project("{2150E333-8FDC-42A3-9474-1A3956D46DE8}") = "KekLib.Simple-ECS", "KekLib.Simple-ECS", "{63EC7EB7-58CA-8902-1324-73240C610DF7}"
EndProject
Project("{FAE04EC0-301F-11D3-BF4B-00C04F79EFBC}") = "SimpleEcs", "src\KekLib.Simple-ECS\SimpleEcs.csproj", "{3B921982-8730-4F42-9E2A-8B497DE3B2A6}"
EndProject
Project("{FAE04EC0-301F-11D3-BF4B-00C04F79EFBC}") = "KekLib3D.Voxels", "src\KekLib3D.Voxels\KekLib3D.Voxels.csproj", "{5EBF2C51-35FE-4493-8D1B-1448C129422C}"
EndProject
Project("{2150E333-8FDC-42A3-9474-1A3956D46DE8}") = "KekLib.ImGuiNet", "KekLib.ImGuiNet", "{78E324DC-5A9C-BD88-982A-A04479F86E92}"
EndProject
Project("{2150E333-8FDC-42A3-9474-1A3956D46DE8}") = "MonoGame.ImGuiNet", "MonoGame.ImGuiNet", "{78E57508-8CDE-0E52-8933-DCFA729B36BF}"
EndProject
Project("{FAE04EC0-301F-11D3-BF4B-00C04F79EFBC}") = "Monogame.ImGuiNet", "src\KekLib.ImGuiNet\MonoGame.ImGuiNet\Monogame.ImGuiNet.csproj", "{BC7CDC13-77EA-4980-827B-82CA616DA128}"
EndProject
Global
	GlobalSection(SolutionConfigurationPlatforms) = preSolution
		Debug|Any CPU = Debug|Any CPU
		Debug|x64 = Debug|x64
		Debug|x86 = Debug|x86
		Release|Any CPU = Release|Any CPU
		Release|x64 = Release|x64
		Release|x86 = Release|x86
	EndGlobalSection
	GlobalSection(ProjectConfigurationPlatforms) = postSolution
		{961D92DB-764D-4A4D-8A5B-AE48A6C0F4D6}.Debug|Any CPU.ActiveCfg = Debug|Any CPU
		{961D92DB-764D-4A4D-8A5B-AE48A6C0F4D6}.Debug|Any CPU.Build.0 = Debug|Any CPU
		{961D92DB-764D-4A4D-8A5B-AE48A6C0F4D6}.Debug|x64.ActiveCfg = Debug|Any CPU
		{961D92DB-764D-4A4D-8A5B-AE48A6C0F4D6}.Debug|x64.Build.0 = Debug|Any CPU
		{961D92DB-764D-4A4D-8A5B-AE48A6C0F4D6}.Debug|x86.ActiveCfg = Debug|Any CPU
		{961D92DB-764D-4A4D-8A5B-AE48A6C0F4D6}.Debug|x86.Build.0 = Debug|Any CPU
		{961D92DB-764D-4A4D-8A5B-AE48A6C0F4D6}.Release|Any CPU.ActiveCfg = Release|Any CPU
		{961D92DB-764D-4A4D-8A5B-AE48A6C0F4D6}.Release|Any CPU.Build.0 = Release|Any CPU
		{961D92DB-764D-4A4D-8A5B-AE48A6C0F4D6}.Release|x64.ActiveCfg = Release|Any CPU
		{961D92DB-764D-4A4D-8A5B-AE48A6C0F4D6}.Release|x64.Build.0 = Release|Any CPU
		{961D92DB-764D-4A4D-8A5B-AE48A6C0F4D6}.Release|x86.ActiveCfg = Release|Any CPU
		{961D92DB-764D-4A4D-8A5B-AE48A6C0F4D6}.Release|x86.Build.0 = Release|Any CPU
		{C2F307D3-CB44-45AF-B00F-F85A02CD153A}.Debug|Any CPU.ActiveCfg = Debug|Any CPU
		{C2F307D3-CB44-45AF-B00F-F85A02CD153A}.Debug|Any CPU.Build.0 = Debug|Any CPU
		{C2F307D3-CB44-45AF-B00F-F85A02CD153A}.Debug|x64.ActiveCfg = Debug|Any CPU
		{C2F307D3-CB44-45AF-B00F-F85A02CD153A}.Debug|x64.Build.0 = Debug|Any CPU
		{C2F307D3-CB44-45AF-B00F-F85A02CD153A}.Debug|x86.ActiveCfg = Debug|Any CPU
		{C2F307D3-CB44-45AF-B00F-F85A02CD153A}.Debug|x86.Build.0 = Debug|Any CPU
		{C2F307D3-CB44-45AF-B00F-F85A02CD153A}.Release|Any CPU.ActiveCfg = Release|Any CPU
		{C2F307D3-CB44-45AF-B00F-F85A02CD153A}.Release|Any CPU.Build.0 = Release|Any CPU
		{C2F307D3-CB44-45AF-B00F-F85A02CD153A}.Release|x64.ActiveCfg = Release|Any CPU
		{C2F307D3-CB44-45AF-B00F-F85A02CD153A}.Release|x64.Build.0 = Release|Any CPU
		{C2F307D3-CB44-45AF-B00F-F85A02CD153A}.Release|x86.ActiveCfg = Release|Any CPU
		{C2F307D3-CB44-45AF-B00F-F85A02CD153A}.Release|x86.Build.0 = Release|Any CPU
		{26C7573B-C38D-4C2B-BB86-4D870D15D47B}.Debug|Any CPU.ActiveCfg = Debug|Any CPU
		{26C7573B-C38D-4C2B-BB86-4D870D15D47B}.Debug|Any CPU.Build.0 = Debug|Any CPU
		{26C7573B-C38D-4C2B-BB86-4D870D15D47B}.Debug|x64.ActiveCfg = Debug|Any CPU
		{26C7573B-C38D-4C2B-BB86-4D870D15D47B}.Debug|x64.Build.0 = Debug|Any CPU
		{26C7573B-C38D-4C2B-BB86-4D870D15D47B}.Debug|x86.ActiveCfg = Debug|Any CPU
		{26C7573B-C38D-4C2B-BB86-4D870D15D47B}.Debug|x86.Build.0 = Debug|Any CPU
		{26C7573B-C38D-4C2B-BB86-4D870D15D47B}.Release|Any CPU.ActiveCfg = Release|Any CPU
		{26C7573B-C38D-4C2B-BB86-4D870D15D47B}.Release|Any CPU.Build.0 = Release|Any CPU
		{26C7573B-C38D-4C2B-BB86-4D870D15D47B}.Release|x64.ActiveCfg = Release|Any CPU
		{26C7573B-C38D-4C2B-BB86-4D870D15D47B}.Release|x64.Build.0 = Release|Any CPU
		{26C7573B-C38D-4C2B-BB86-4D870D15D47B}.Release|x86.ActiveCfg = Release|Any CPU
		{26C7573B-C38D-4C2B-BB86-4D870D15D47B}.Release|x86.Build.0 = Release|Any CPU
		{6EB84C37-A5F0-4F76-9AB4-7BC0A58865D1}.Debug|Any CPU.ActiveCfg = Debug|Any CPU
		{6EB84C37-A5F0-4F76-9AB4-7BC0A58865D1}.Debug|Any CPU.Build.0 = Debug|Any CPU
		{6EB84C37-A5F0-4F76-9AB4-7BC0A58865D1}.Debug|x64.ActiveCfg = Debug|Any CPU
		{6EB84C37-A5F0-4F76-9AB4-7BC0A58865D1}.Debug|x64.Build.0 = Debug|Any CPU
		{6EB84C37-A5F0-4F76-9AB4-7BC0A58865D1}.Debug|x86.ActiveCfg = Debug|Any CPU
		{6EB84C37-A5F0-4F76-9AB4-7BC0A58865D1}.Debug|x86.Build.0 = Debug|Any CPU
		{6EB84C37-A5F0-4F76-9AB4-7BC0A58865D1}.Release|Any CPU.ActiveCfg = Release|Any CPU
		{6EB84C37-A5F0-4F76-9AB4-7BC0A58865D1}.Release|Any CPU.Build.0 = Release|Any CPU
		{6EB84C37-A5F0-4F76-9AB4-7BC0A58865D1}.Release|x64.ActiveCfg = Release|Any CPU
		{6EB84C37-A5F0-4F76-9AB4-7BC0A58865D1}.Release|x64.Build.0 = Release|Any CPU
		{6EB84C37-A5F0-4F76-9AB4-7BC0A58865D1}.Release|x86.ActiveCfg = Release|Any CPU
		{6EB84C37-A5F0-4F76-9AB4-7BC0A58865D1}.Release|x86.Build.0 = Release|Any CPU
		{3B921982-8730-4F42-9E2A-8B497DE3B2A6}.Debug|Any CPU.ActiveCfg = Debug|Any CPU
		{3B921982-8730-4F42-9E2A-8B497DE3B2A6}.Debug|Any CPU.Build.0 = Debug|Any CPU
		{3B921982-8730-4F42-9E2A-8B497DE3B2A6}.Debug|x64.ActiveCfg = Debug|Any CPU
		{3B921982-8730-4F42-9E2A-8B497DE3B2A6}.Debug|x64.Build.0 = Debug|Any CPU
		{3B921982-8730-4F42-9E2A-8B497DE3B2A6}.Debug|x86.ActiveCfg = Debug|Any CPU
		{3B921982-8730-4F42-9E2A-8B497DE3B2A6}.Debug|x86.Build.0 = Debug|Any CPU
		{3B921982-8730-4F42-9E2A-8B497DE3B2A6}.Release|Any CPU.ActiveCfg = Release|Any CPU
		{3B921982-8730-4F42-9E2A-8B497DE3B2A6}.Release|Any CPU.Build.0 = Release|Any CPU
		{3B921982-8730-4F42-9E2A-8B497DE3B2A6}.Release|x64.ActiveCfg = Release|Any CPU
		{3B921982-8730-4F42-9E2A-8B497DE3B2A6}.Release|x64.Build.0 = Release|Any CPU
		{3B921982-8730-4F42-9E2A-8B497DE3B2A6}.Release|x86.ActiveCfg = Release|Any CPU
		{3B921982-8730-4F42-9E2A-8B497DE3B2A6}.Release|x86.Build.0 = Release|Any CPU
		{5EBF2C51-35FE-4493-8D1B-1448C129422C}.Debug|Any CPU.ActiveCfg = Debug|Any CPU
		{5EBF2C51-35FE-4493-8D1B-1448C129422C}.Debug|Any CPU.Build.0 = Debug|Any CPU
		{5EBF2C51-35FE-4493-8D1B-1448C129422C}.Debug|x64.ActiveCfg = Debug|Any CPU
		{5EBF2C51-35FE-4493-8D1B-1448C129422C}.Debug|x64.Build.0 = Debug|Any CPU
		{5EBF2C51-35FE-4493-8D1B-1448C129422C}.Debug|x86.ActiveCfg = Debug|Any CPU
		{5EBF2C51-35FE-4493-8D1B-1448C129422C}.Debug|x86.Build.0 = Debug|Any CPU
		{5EBF2C51-35FE-4493-8D1B-1448C129422C}.Release|Any CPU.ActiveCfg = Release|Any CPU
		{5EBF2C51-35FE-4493-8D1B-1448C129422C}.Release|Any CPU.Build.0 = Release|Any CPU
		{5EBF2C51-35FE-4493-8D1B-1448C129422C}.Release|x64.ActiveCfg = Release|Any CPU
		{5EBF2C51-35FE-4493-8D1B-1448C129422C}.Release|x64.Build.0 = Release|Any CPU
		{5EBF2C51-35FE-4493-8D1B-1448C129422C}.Release|x86.ActiveCfg = Release|Any CPU
		{5EBF2C51-35FE-4493-8D1B-1448C129422C}.Release|x86.Build.0 = Release|Any CPU
		{BC7CDC13-77EA-4980-827B-82CA616DA128}.Debug|Any CPU.ActiveCfg = Debug|Any CPU
		{BC7CDC13-77EA-4980-827B-82CA616DA128}.Debug|Any CPU.Build.0 = Debug|Any CPU
		{BC7CDC13-77EA-4980-827B-82CA616DA128}.Debug|x64.ActiveCfg = Debug|Any CPU
		{BC7CDC13-77EA-4980-827B-82CA616DA128}.Debug|x64.Build.0 = Debug|Any CPU
		{BC7CDC13-77EA-4980-827B-82CA616DA128}.Debug|x86.ActiveCfg = Debug|Any CPU
		{BC7CDC13-77EA-4980-827B-82CA616DA128}.Debug|x86.Build.0 = Debug|Any CPU
		{BC7CDC13-77EA-4980-827B-82CA616DA128}.Release|Any CPU.ActiveCfg = Release|Any CPU
		{BC7CDC13-77EA-4980-827B-82CA616DA128}.Release|Any CPU.Build.0 = Release|Any CPU
		{BC7CDC13-77EA-4980-827B-82CA616DA128}.Release|x64.ActiveCfg = Release|Any CPU
		{BC7CDC13-77EA-4980-827B-82CA616DA128}.Release|x64.Build.0 = Release|Any CPU
		{BC7CDC13-77EA-4980-827B-82CA616DA128}.Release|x86.ActiveCfg = Release|Any CPU
		{BC7CDC13-77EA-4980-827B-82CA616DA128}.Release|x86.Build.0 = Release|Any CPU
	EndGlobalSection
	GlobalSection(SolutionProperties) = preSolution
		HideSolutionNode = FALSE
	EndGlobalSection
	GlobalSection(NestedProjects) = preSolution
		{961D92DB-764D-4A4D-8A5B-AE48A6C0F4D6} = {827E0CD3-B72D-47B6-A68D-7590B98EB39B}
		{DECBC69F-7677-92AA-EAA3-417BB129F329} = {827E0CD3-B72D-47B6-A68D-7590B98EB39B}
		{C2F307D3-CB44-45AF-B00F-F85A02CD153A} = {DECBC69F-7677-92AA-EAA3-417BB129F329}
		{26C7573B-C38D-4C2B-BB86-4D870D15D47B} = {827E0CD3-B72D-47B6-A68D-7590B98EB39B}
		{6EB84C37-A5F0-4F76-9AB4-7BC0A58865D1} = {DECBC69F-7677-92AA-EAA3-417BB129F329}
		{63EC7EB7-58CA-8902-1324-73240C610DF7} = {827E0CD3-B72D-47B6-A68D-7590B98EB39B}
		{3B921982-8730-4F42-9E2A-8B497DE3B2A6} = {63EC7EB7-58CA-8902-1324-73240C610DF7}
		{5EBF2C51-35FE-4493-8D1B-1448C129422C} = {827E0CD3-B72D-47B6-A68D-7590B98EB39B}
		{78E324DC-5A9C-BD88-982A-A04479F86E92} = {827E0CD3-B72D-47B6-A68D-7590B98EB39B}
		{78E57508-8CDE-0E52-8933-DCFA729B36BF} = {78E324DC-5A9C-BD88-982A-A04479F86E92}
		{BC7CDC13-77EA-4980-827B-82CA616DA128} = {78E57508-8CDE-0E52-8933-DCFA729B36BF}
	EndGlobalSection
EndGlobal
